{
  "originHash" : "4e84c6410e5e19617fc9a7b18dcd93c9b4bdb037fc3dd820086d960694da8b92",
  "pins" : [
    {
      "identity" : "swift-abstract",
      "kind" : "remoteSourceControl",
      "location" : "https://github.com/xiaoli-white/swift-abstract.git",
      "state" : {
        "revision" : "dbf8b245975f6b3ad029e40682eafd984a183669",
        "version" : "1.0.0"
      }
    },
    {
      "identity" : "swift-better-diagnostic",
      "kind" : "remoteSourceControl",
      "location" : "https://github.com/xiaoli-white/swift-better-diagnostic.git",
      "state" : {
        "revision" : "a90d49dbc090a7bf82ecaa968c0dc1496c3defea",
        "version" : "1.1.1"
      }
    },
    {
      "identity" : "swift-custom-dump",
      "kind" : "remoteSourceControl",
      "location" : "https://github.com/pointfreeco/swift-custom-dump.git",
      "state" : {
        "revision" : "a8cd6c976f335ed361dcecddb0dc39ebda51bc3e",
        "version" : "1.6.1"
      }
    },
    {
      "identity" : "swift-syntax",
      "kind" : "remoteSourceControl",
      "location" : "https://github.com/swiftlang/swift-syntax.git",
      "state" : {
        "revision" : "4799286537280063c85a32f09884cfbca301b1a1",
        "version" : "602.0.0"
      }
    },
    {
      "identity" : "swiftgraph",
      "kind" : "remoteSourceControl",
      "location" : "https://github.com/davecom/SwiftGraph.git",
      "state" : {
        "revision" : "a68efb9fc3fe9da65367bb628c5d96acfad6708a",
        "version" : "4.0.0"
      }
    },
    {
      "identity" : "xctest-dynamic-overlay",
      "kind" : "remoteSourceControl",
      "location" : "https://github.com/pointfreeco/xctest-dynamic-overlay",
      "state" : {
        "revision" : "8f6abcf4c8950e2679d5b2fee4ca284fd7c34886",
        "version" : "1.11.0"
      }
    }
  ],
  "version" : 3
}
