{
  "originHash" : "b3402f3e78bf6c07ee925fe84df98226c9bbf5622905b4b784e7994732ce18a4",
  "pins" : [
    {
      "identity" : "swift-abstract",
      "kind" : "remoteSourceControl",
      "location" : "https://github.com/xiaoli-white/swift-abstract.git",
      "state" : {
        "revision" : "dbf8b245975f6b3ad029e40682eafd984a183669",
        "version" : "1.0.0"
      }
    },
    {
      "identity" : "swift-argument-parser",
      "kind" : "remoteSourceControl",
      "location" : "https://github.com/apple/swift-argument-parser.git",
      "state" : {
        "revision" : "6a52f3251125d74daf04fcbd5e6f08a75d074382",
        "version" : "1.8.2"
      }
    },
    {
      "identity" : "swift-better-diagnostic",
      "kind" : "remoteSourceControl",
      "location" : "https://github.com/xiaoli-white/swift-better-diagnostic.git",
      "state" : {
        "revision" : "a9e572faacc6ef43230255a7d258b9e8402b9e43",
        "version" : "1.1.2"
      }
    },
    {
      "identity" : "swift-syntax",
      "kind" : "remoteSourceControl",
      "location" : "https://github.com/swiftlang/swift-syntax.git",
      "state" : {
        "revision" : "4799286537280063c85a32f09884cfbca301b1a1",
        "version" : "602.0.0"
      }
    },
    {
      "identity" : "swiftgraph",
      "kind" : "remoteSourceControl",
      "location" : "https://github.com/davecom/SwiftGraph.git",
      "state" : {
        "revision" : "a68efb9fc3fe9da65367bb628c5d96acfad6708a",
        "version" : "4.0.0"
      }
    }
  ],
  "version" : 3
}
